{
  "version": 4,
  "terraform_version": "1.10.1",
  "serial": 10,
  "lineage": "c5ccbc57-180d-7525-3dec-b068a4320e0c",
  "outputs": {
    "bucket-name": {
      "value": "attestation-manager-binaries",
      "type": "string"
    },
    "codebuild-project": {
      "value": "attestation-manager-build",
      "type": "string"
    },
    "launch-template-id": {
      "value": "lt-0ac9ae40c3c841f1d",
      "type": "string"
    }
  },
  "resources": [
    {
      "mode": "managed",
      "type": "aws_codebuild_project",
      "name": "attestation-manager-build",
      "provider": "provider[\"registry.terraform.io/hashicorp/aws\"]",
      "instances": [
        {
          "schema_version": 0,
          "attributes": {
            "arn": "arn:aws:codebuild:us-east-1:533267403599:project/attestation-manager-build",
            "artifacts": [
              {
                "artifact_identifier": "",
                "bucket_owner_access": "",
                "encryption_disabled": false,
                "location": "",
                "name": "",
                "namespace_type": "",
                "override_artifact_name": false,
                "packaging": "",
                "path": "",
                "type": "NO_ARTIFACTS"
              }
            ],
            "badge_enabled": false,
            "badge_url": "",
            "build_batch_config": [],
            "build_timeout": 60,
            "cache": [
              {
                "location": "",
                "modes": [],
                "type": "NO_CACHE"
              }
            ],
            "concurrent_build_limit": 0,
            "description": "",
            "encryption_key": "arn:aws:kms:us-east-1:533267403599:alias/aws/s3",
            "environment": [
              {
                "certificate": "",
                "compute_type": "BUILD_GENERAL1_SMALL",
                "environment_variable": [
                  {
                    "name": "S3_BUCKET",
                    "type": "PLAINTEXT",
                    "value": "attestation-manager-binaries"
                  }
                ],
                "image": "aws/codebuild/amazonlinux2-x86_64-standard:4.0",
                "image_pull_credentials_type": "CODEBUILD",
                "privileged_mode": false,
                "registry_credential": [],
                "type": "LINUX_CONTAINER"
              }
            ],
            "file_system_locations": [],
            "id": "arn:aws:codebuild:us-east-1:533267403599:project/attestation-manager-build",
            "logs_config": [
              {
                "cloudwatch_logs": [
                  {
                    "group_name": "",
                    "status": "ENABLED",
                    "stream_name": ""
                  }
                ],
                "s3_logs": [
                  {
                    "bucket_owner_access": "",
                    "encryption_disabled": false,
                    "location": "",
                    "status": "DISABLED"
                  }
                ]
              }
            ],
            "name": "attestation-manager-build",
            "project_visibility": "PRIVATE",
            "public_project_alias": "",
            "queued_timeout": 480,
            "resource_access_role": "",
            "secondary_artifacts": [],
            "secondary_source_version": [],
            "secondary_sources": [],
            "service_role": "arn:aws:iam::533267403599:role/attestation-manager-codebuild-role",
            "source": [
              {
                "auth": [],
                "build_status_config": [],
                "buildspec": "{\"version\":\"0.2\",\"phases\":{\"install\":{\"commands\":[\"yum install -y golang make git\"]},\"pre_build\":{\"commands\":[\"git clone https://github.com/bdchatham/obsidian-attestation-manager.git .\"]},\"build\":{\"commands\":[\"./packaging/build.sh\",\"aws s3 cp release/attestation-manager.tar.gz s3://$S3_BUCKET/\"]}}}",
                "git_clone_depth": 0,
                "git_submodules_config": [],
                "insecure_ssl": false,
                "location": "",
                "report_build_status": false,
                "type": "NO_SOURCE"
              }
            ],
            "source_version": "",
            "tags": null,
            "tags_all": {},
            "vpc_config": []
          },
          "sensitive_attributes": [],
          "private": "bnVsbA==",
          "dependencies": [
            "aws_iam_role.codebuild-role",
            "aws_s3_bucket.attestation-manager-binaries"
          ]
        }
      ]
    },
    {
      "mode": "managed",
      "type": "aws_iam_instance_profile",
      "name": "instance-profile",
      "provider": "provider[\"registry.terraform.io/hashicorp/aws\"]",
      "instances": [
        {
          "schema_version": 0,
          "attributes": {
            "arn": "arn:aws:iam::533267403599:instance-profile/attestation-manager-instance-profile",
            "create_date": "2025-05-31T22:43:01Z",
            "id": "attestation-manager-instance-profile",
            "name": "attestation-manager-instance-profile",
            "name_prefix": "",
            "path": "/",
            "role": "attestation-manager-instance-role",
            "tags": null,
            "tags_all": {},
            "unique_id": "AIPAXYKJW2NHSOAIJ3OSK"
          },
          "sensitive_attributes": [],
          "private": "bnVsbA==",
          "dependencies": [
            "aws_iam_role.instance-role"
          ]
        }
      ]
    },
    {
      "mode": "managed",
      "type": "aws_iam_role",
      "name": "codebuild-role",
      "provider": "provider[\"registry.terraform.io/hashicorp/aws\"]",
      "instances": [
        {
          "schema_version": 0,
          "attributes": {
            "arn": "arn:aws:iam::533267403599:role/attestation-manager-codebuild-role",
            "assume_role_policy": "{\"Statement\":[{\"Action\":\"sts:AssumeRole\",\"Effect\":\"Allow\",\"Principal\":{\"Service\":\"codebuild.amazonaws.com\"}}],\"Version\":\"2012-10-17\"}",
            "create_date": "2025-05-31T22:43:01Z",
            "description": "",
            "force_detach_policies": false,
            "id": "attestation-manager-codebuild-role",
            "inline_policy": [],
            "managed_policy_arns": [],
            "max_session_duration": 3600,
            "name": "attestation-manager-codebuild-role",
            "name_prefix": "",
            "path": "/",
            "permissions_boundary": null,
            "role_last_used": [
              {
                "last_used_date": "",
                "region": ""
              }
            ],
            "tags": null,
            "tags_all": {},
            "unique_id": "AROAXYKJW2NH5RWSFXBTD"
          },
          "sensitive_attributes": [],
          "private": "bnVsbA=="
        }
      ]
    },
    {
      "mode": "managed",
      "type": "aws_iam_role",
      "name": "instance-role",
      "provider": "provider[\"registry.terraform.io/hashicorp/aws\"]",
      "instances": [
        {
          "schema_version": 0,
          "attributes": {
            "arn": "arn:aws:iam::533267403599:role/attestation-manager-instance-role",
            "assume_role_policy": "{\"Statement\":[{\"Action\":\"sts:AssumeRole\",\"Effect\":\"Allow\",\"Principal\":{\"Service\":\"ec2.amazonaws.com\"}}],\"Version\":\"2012-10-17\"}",
            "create_date": "2025-05-31T22:43:01Z",
            "description": "",
            "force_detach_policies": false,
            "id": "attestation-manager-instance-role",
            "inline_policy": [],
            "managed_policy_arns": [],
            "max_session_duration": 3600,
            "name": "attestation-manager-instance-role",
            "name_prefix": "",
            "path": "/",
            "permissions_boundary": null,
            "role_last_used": [
              {
                "last_used_date": "",
                "region": ""
              }
            ],
            "tags": null,
            "tags_all": {},
            "unique_id": "AROAXYKJW2NHXY54OVM3T"
          },
          "sensitive_attributes": [],
          "private": "bnVsbA=="
        }
      ]
    },
    {
      "mode": "managed",
      "type": "aws_iam_role_policy",
      "name": "codebuild-policy",
      "provider": "provider[\"registry.terraform.io/hashicorp/aws\"]",
      "instances": [
        {
          "schema_version": 0,
          "attributes": {
            "id": "attestation-manager-codebuild-role:attestation-manager-codebuild-policy",
            "name": "attestation-manager-codebuild-policy",
            "name_prefix": null,
            "policy": "{\"Version\":\"2012-10-17\",\"Statement\":[{\"Action\":[\"s3:PutObject\",\"s3:GetObject\",\"s3:ListBucket\"],\"Effect\":\"Allow\",\"Resource\":[\"arn:aws:s3:::attestation-manager-binaries\",\"arn:aws:s3:::attestation-manager-binaries/*\"]},{\"Action\":[\"logs:CreateLogGroup\",\"logs:CreateLogStream\",\"logs:PutLogEvents\"],\"Effect\":\"Allow\",\"Resource\":[\"*\"]}]}",
            "role": "attestation-manager-codebuild-role"
          },
          "sensitive_attributes": [],
          "private": "bnVsbA==",
          "dependencies": [
            "aws_iam_role.codebuild-role",
            "aws_s3_bucket.attestation-manager-binaries"
          ]
        }
      ]
    },
    {
      "mode": "managed",
      "type": "aws_iam_role_policy",
      "name": "instance-s3-policy",
      "provider": "provider[\"registry.terraform.io/hashicorp/aws\"]",
      "instances": [
        {
          "schema_version": 0,
          "attributes": {
            "id": "attestation-manager-instance-role:attestation-manager-s3-access",
            "name": "attestation-manager-s3-access",
            "name_prefix": null,
            "policy": "{\"Version\":\"2012-10-17\",\"Statement\":[{\"Action\":[\"s3:GetObject\",\"s3:ListBucket\"],\"Effect\":\"Allow\",\"Resource\":[\"arn:aws:s3:::attestation-manager-binaries\",\"arn:aws:s3:::attestation-manager-binaries/*\"]}]}",
            "role": "attestation-manager-instance-role"
          },
          "sensitive_attributes": [],
          "private": "bnVsbA==",
          "dependencies": [
            "aws_iam_role.instance-role",
            "aws_s3_bucket.attestation-manager-binaries"
          ]
        }
      ]
    },
    {
      "mode": "managed",
      "type": "aws_launch_template",
      "name": "attestation-manager-template",
      "provider": "provider[\"registry.terraform.io/hashicorp/aws\"]",
      "instances": [
        {
          "schema_version": 0,
          "attributes": {
            "arn": "arn:aws:ec2:us-east-1:533267403599:launch-template/lt-0ac9ae40c3c841f1d",
            "block_device_mappings": [
              {
                "device_name": "/dev/xvda",
                "ebs": [
                  {
                    "delete_on_termination": "",
                    "encrypted": "",
                    "iops": 0,
                    "kms_key_id": "",
                    "snapshot_id": "",
                    "throughput": 0,
                    "volume_size": 20,
                    "volume_type": "gp3"
                  }
                ],
                "no_device": "",
                "virtual_name": ""
              }
            ],
            "capacity_reservation_specification": [],
            "cpu_options": [],
            "credit_specification": [],
            "default_version": 1,
            "description": "",
            "disable_api_stop": false,
            "disable_api_termination": false,
            "ebs_optimized": "",
            "elastic_gpu_specifications": [],
            "elastic_inference_accelerator": [],
            "enclave_options": [],
            "hibernation_options": [],
            "iam_instance_profile": [
              {
                "arn": "",
                "name": "attestation-manager-instance-profile"
              }
            ],
            "id": "lt-0ac9ae40c3c841f1d",
            "image_id": "ami-0c7217cdde317cfec",
            "instance_initiated_shutdown_behavior": "",
            "instance_market_options": [],
            "instance_requirements": [],
            "instance_type": "t3.medium",
            "kernel_id": "",
            "key_name": "",
            "latest_version": 1,
            "license_specification": [],
            "maintenance_options": [],
            "metadata_options": [
              {
                "http_endpoint": "enabled",
                "http_protocol_ipv6": "disabled",
                "http_put_response_hop_limit": 0,
                "http_tokens": "required",
                "instance_metadata_tags": "disabled"
              }
            ],
            "monitoring": [],
            "name": "attestation-manager-template",
            "name_prefix": "",
            "network_interfaces": [
              {
                "associate_carrier_ip_address": "",
                "associate_public_ip_address": "false",
                "delete_on_termination": "true",
                "description": "",
                "device_index": 0,
                "interface_type": "",
                "ipv4_address_count": 0,
                "ipv4_addresses": null,
                "ipv4_prefix_count": 0,
                "ipv4_prefixes": null,
                "ipv6_address_count": 0,
                "ipv6_addresses": null,
                "ipv6_prefix_count": 0,
                "ipv6_prefixes": null,
                "network_card_index": 0,
                "network_interface_id": "",
                "private_ip_address": "",
                "security_groups": null,
                "subnet_id": ""
              }
            ],
            "placement": [],
            "private_dns_name_options": [],
            "ram_disk_id": "",
            "security_group_names": null,
            "tag_specifications": [],
            "tags": null,
            "tags_all": {},
            "update_default_version": null,
            "user_data": "IyEvYmluL2Jhc2gKIyBJbnN0YWxsIHJlcXVpcmVkIHBhY2thZ2VzCnl1bSB1cGRhdGUgLXkKeXVtIGluc3RhbGwgLXkgYXdzLWNsaSB1bnppcAoKIyBDcmVhdGUgZGlyZWN0b3JpZXMKbWtkaXIgLXAgL29wdC9hdHRlc3RhdGlvbi1tYW5hZ2VyCgojIERvd25sb2FkIGFuZCBleHRyYWN0IGJpbmFyeSBwYWNrYWdlIGZyb20gUzMKYXdzIHMzIGNwIHMzOi8vJHtUZlRva2VuW1RPS0VOLjExXX0vYXR0ZXN0YXRpb24tbWFuYWdlci50YXIuZ3ogL29wdC9hdHRlc3RhdGlvbi1tYW5hZ2VyLwpjZCAvb3B0L2F0dGVzdGF0aW9uLW1hbmFnZXIKdGFyIHh6ZiBhdHRlc3RhdGlvbi1tYW5hZ2VyLnRhci5negoKIyBJbnN0YWxsIHRoZSBzZXJ2aWNlCmNkIGF0dGVzdGF0aW9uLW1hbmFnZXIKLi9wYWNrYWdpbmcvaW5zdGFsbC5zaAoKIyBHZW5lcmF0ZSBvcGVyYXRvciBrZXkgaWYgbm90IGV4aXN0cwppZiBbICEgLWYgL2V0Yy9hdHRlc3RhdGlvbi1tYW5hZ2VyL29wZXJhdG9yLmtleSBdOyB0aGVuCiAgb3BlbnNzbCByYW5kIC1vdXQgL2V0Yy9hdHRlc3RhdGlvbi1tYW5hZ2VyL29wZXJhdG9yLmtleSAzMgogIGNob3duIGF0dGVzdGF0aW9uOmF0dGVzdGF0aW9uIC9ldGMvYXR0ZXN0YXRpb24tbWFuYWdlci9vcGVyYXRvci5rZXkKICBjaG1vZCA2MDAgL2V0Yy9hdHRlc3RhdGlvbi1tYW5hZ2VyL29wZXJhdG9yLmtleQpmaQoKIyBTdGFydCB0aGUgc2VydmljZQpzeXN0ZW1jdGwgZW5hYmxlIGF0dGVzdGF0aW9uLW1hbmFnZXIKc3lzdGVtY3RsIHN0YXJ0IGF0dGVzdGF0aW9uLW1hbmFnZXI=",
            "vpc_security_group_ids": null
          },
          "sensitive_attributes": [],
          "private": "bnVsbA==",
          "dependencies": [
            "aws_iam_instance_profile.instance-profile",
            "aws_iam_role.instance-role"
          ]
        }
      ]
    },
    {
      "mode": "managed",
      "type": "aws_s3_bucket",
      "name": "attestation-manager-binaries",
      "provider": "provider[\"registry.terraform.io/hashicorp/aws\"]",
      "instances": [
        {
          "schema_version": 0,
          "attributes": {
            "acceleration_status": "",
            "acl": null,
            "arn": "arn:aws:s3:::attestation-manager-binaries",
            "bucket": "attestation-manager-binaries",
            "bucket_domain_name": "attestation-manager-binaries.s3.amazonaws.com",
            "bucket_prefix": "",
            "bucket_regional_domain_name": "attestation-manager-binaries.s3.amazonaws.com",
            "cors_rule": [],
            "force_destroy": false,
            "grant": [
              {
                "id": "383d2da57370beb485cdd94b58eefbe93b8a178e3386e982727dc438b6ba0376",
                "permissions": [
                  "FULL_CONTROL"
                ],
                "type": "CanonicalUser",
                "uri": ""
              }
            ],
            "hosted_zone_id": "Z3AQBSTGFYJSTF",
            "id": "attestation-manager-binaries",
            "lifecycle_rule": [],
            "logging": [],
            "object_lock_configuration": [],
            "object_lock_enabled": false,
            "policy": "",
            "region": "us-east-1",
            "replication_configuration": [],
            "request_payer": "BucketOwner",
            "server_side_encryption_configuration": [
              {
                "rule": [
                  {
                    "apply_server_side_encryption_by_default": [
                      {
                        "kms_master_key_id": "",
                        "sse_algorithm": "AES256"
                      }
                    ],
                    "bucket_key_enabled": false
                  }
                ]
              }
            ],
            "tags": null,
            "tags_all": {},
            "timeouts": null,
            "versioning": [
              {
                "enabled": true,
                "mfa_delete": false
              }
            ],
            "website": [],
            "website_domain": null,
            "website_endpoint": null
          },
          "sensitive_attributes": [],
          "private": "eyJlMmJmYjczMC1lY2FhLTExZTYtOGY4OC0zNDM2M2JjN2M0YzAiOnsiY3JlYXRlIjoxMjAwMDAwMDAwMDAwLCJkZWxldGUiOjM2MDAwMDAwMDAwMDAsInJlYWQiOjEyMDAwMDAwMDAwMDAsInVwZGF0ZSI6MTIwMDAwMDAwMDAwMH19"
        }
      ]
    },
    {
      "mode": "managed",
      "type": "aws_s3_bucket_public_access_block",
      "name": "binary-bucket-public-access-block",
      "provider": "provider[\"registry.terraform.io/hashicorp/aws\"]",
      "instances": [
        {
          "schema_version": 0,
          "attributes": {
            "block_public_acls": true,
            "block_public_policy": true,
            "bucket": "attestation-manager-binaries",
            "id": "attestation-manager-binaries",
            "ignore_public_acls": true,
            "restrict_public_buckets": true
          },
          "sensitive_attributes": [],
          "private": "bnVsbA==",
          "dependencies": [
            "aws_s3_bucket.attestation-manager-binaries"
          ]
        }
      ]
    }
  ],
  "check_results": null
}
